
Microsoft Visual Studio Solution File, Format Version 12.00
# Visual Studio Version 17
VisualStudioVersion = 17.0.31903.59
MinimumVisualStudioVersion = 10.0.40219.1
Project("{FAE04EC0-301F-11D3-BF4B-00C04F79EFBC}") = "Planung", "Planung\Planung.csproj", "{F33AFA4D-E0C3-4217-B728-B3D9F2C6CF1B}"
EndProject
Project("{FAE04EC0-301F-11D3-BF4B-00C04F79EFBC}") = "Ametrin.Optional", "..\..\Packages\Ametrin.Optional\src\Ametrin.Optional.csproj", "{20542F86-2B93-4317-AFD3-9630C7614D3C}"
EndProject
Project("{FAE04EC0-301F-11D3-BF4B-00C04F79EFBC}") = "Ametrin.Utils", "..\..\Packages\Ametrin.Utils\Ametrin.Utils.csproj", "{43DC14BD-4255-47D2-AEA1-43AF874FDC5E}"
EndProject
Project("{FAE04EC0-301F-11D3-BF4B-00C04F79EFBC}") = "Ametrin.Guard", "..\..\Packages\Ametrin.Guard\src\Ametrin.Guard.csproj", "{FC417A33-A6E8-4028-9B08-27A18D80BD62}"
EndProject
Global
	GlobalSection(SolutionConfigurationPlatforms) = preSolution
		Debug|Any CPU = Debug|Any CPU
		Release|Any CPU = Release|Any CPU
	EndGlobalSection
	GlobalSection(ProjectConfigurationPlatforms) = postSolution
		{F33AFA4D-E0C3-4217-B728-B3D9F2C6CF1B}.Debug|Any CPU.ActiveCfg = Debug|Any CPU
		{F33AFA4D-E0C3-4217-B728-B3D9F2C6CF1B}.Debug|Any CPU.Build.0 = Debug|Any CPU
		{F33AFA4D-E0C3-4217-B728-B3D9F2C6CF1B}.Release|Any CPU.ActiveCfg = Release|Any CPU
		{F33AFA4D-E0C3-4217-B728-B3D9F2C6CF1B}.Release|Any CPU.Build.0 = Release|Any CPU
		{20542F86-2B93-4317-AFD3-9630C7614D3C}.Debug|Any CPU.ActiveCfg = Debug|Any CPU
		{20542F86-2B93-4317-AFD3-9630C7614D3C}.Debug|Any CPU.Build.0 = Debug|Any CPU
		{20542F86-2B93-4317-AFD3-9630C7614D3C}.Release|Any CPU.ActiveCfg = Release|Any CPU
		{20542F86-2B93-4317-AFD3-9630C7614D3C}.Release|Any CPU.Build.0 = Release|Any CPU
		{43DC14BD-4255-47D2-AEA1-43AF874FDC5E}.Debug|Any CPU.ActiveCfg = Debug|Any CPU
		{43DC14BD-4255-47D2-AEA1-43AF874FDC5E}.Debug|Any CPU.Build.0 = Debug|Any CPU
		{43DC14BD-4255-47D2-AEA1-43AF874FDC5E}.Release|Any CPU.ActiveCfg = Release|Any CPU
		{43DC14BD-4255-47D2-AEA1-43AF874FDC5E}.Release|Any CPU.Build.0 = Release|Any CPU
		{FC417A33-A6E8-4028-9B08-27A18D80BD62}.Debug|Any CPU.ActiveCfg = Debug|Any CPU
		{FC417A33-A6E8-4028-9B08-27A18D80BD62}.Debug|Any CPU.Build.0 = Debug|Any CPU
		{FC417A33-A6E8-4028-9B08-27A18D80BD62}.Release|Any CPU.ActiveCfg = Release|Any CPU
		{FC417A33-A6E8-4028-9B08-27A18D80BD62}.Release|Any CPU.Build.0 = Release|Any CPU
	EndGlobalSection
	GlobalSection(SolutionProperties) = preSolution
		HideSolutionNode = FALSE
	EndGlobalSection
EndGlobal
