
Microsoft Visual Studio Solution File, Format Version 12.00
# Visual Studio Version 17
VisualStudioVersion = 17.0.31903.59
MinimumVisualStudioVersion = 10.0.40219.1
Project("{FAE04EC0-301F-11D3-BF4B-00C04F79EFBC}") = "Ametrin.Utils", "..\..\Packages\Ametrin.Utils\src\Ametrin.Utils.csproj", "{E9250CB9-2460-43EC-99FD-E7EA2ABC55DF}"
EndProject
Project("{FAE04EC0-301F-11D3-BF4B-00C04F79EFBC}") = "TTC.Console", "console\TTC.Console.csproj", "{F89FC1BE-D94D-4DA0-B3F9-C66566DC4043}"
EndProject
Global
	GlobalSection(SolutionConfigurationPlatforms) = preSolution
		Debug|Any CPU = Debug|Any CPU
		Debug|x64 = Debug|x64
		Debug|x86 = Debug|x86
		Release|Any CPU = Release|Any CPU
		Release|x64 = Release|x64
		Release|x86 = Release|x86
	EndGlobalSection
	GlobalSection(ProjectConfigurationPlatforms) = postSolution
		{E9250CB9-2460-43EC-99FD-E7EA2ABC55DF}.Debug|Any CPU.ActiveCfg = Debug|Any CPU
		{E9250CB9-2460-43EC-99FD-E7EA2ABC55DF}.Debug|Any CPU.Build.0 = Debug|Any CPU
		{E9250CB9-2460-43EC-99FD-E7EA2ABC55DF}.Debug|x64.ActiveCfg = Debug|Any CPU
		{E9250CB9-2460-43EC-99FD-E7EA2ABC55DF}.Debug|x64.Build.0 = Debug|Any CPU
		{E9250CB9-2460-43EC-99FD-E7EA2ABC55DF}.Debug|x86.ActiveCfg = Debug|Any CPU
		{E9250CB9-2460-43EC-99FD-E7EA2ABC55DF}.Debug|x86.Build.0 = Debug|Any CPU
		{E9250CB9-2460-43EC-99FD-E7EA2ABC55DF}.Release|Any CPU.ActiveCfg = Release|Any CPU
		{E9250CB9-2460-43EC-99FD-E7EA2ABC55DF}.Release|Any CPU.Build.0 = Release|Any CPU
		{E9250CB9-2460-43EC-99FD-E7EA2ABC55DF}.Release|x64.ActiveCfg = Release|Any CPU
		{E9250CB9-2460-43EC-99FD-E7EA2ABC55DF}.Release|x64.Build.0 = Release|Any CPU
		{E9250CB9-2460-43EC-99FD-E7EA2ABC55DF}.Release|x86.ActiveCfg = Release|Any CPU
		{E9250CB9-2460-43EC-99FD-E7EA2ABC55DF}.Release|x86.Build.0 = Release|Any CPU
		{F89FC1BE-D94D-4DA0-B3F9-C66566DC4043}.Debug|Any CPU.ActiveCfg = Debug|Any CPU
		{F89FC1BE-D94D-4DA0-B3F9-C66566DC4043}.Debug|Any CPU.Build.0 = Debug|Any CPU
		{F89FC1BE-D94D-4DA0-B3F9-C66566DC4043}.Debug|x64.ActiveCfg = Debug|Any CPU
		{F89FC1BE-D94D-4DA0-B3F9-C66566DC4043}.Debug|x64.Build.0 = Debug|Any CPU
		{F89FC1BE-D94D-4DA0-B3F9-C66566DC4043}.Debug|x86.ActiveCfg = Debug|Any CPU
		{F89FC1BE-D94D-4DA0-B3F9-C66566DC4043}.Debug|x86.Build.0 = Debug|Any CPU
		{F89FC1BE-D94D-4DA0-B3F9-C66566DC4043}.Release|Any CPU.ActiveCfg = Release|Any CPU
		{F89FC1BE-D94D-4DA0-B3F9-C66566DC4043}.Release|Any CPU.Build.0 = Release|Any CPU
		{F89FC1BE-D94D-4DA0-B3F9-C66566DC4043}.Release|x64.ActiveCfg = Release|Any CPU
		{F89FC1BE-D94D-4DA0-B3F9-C66566DC4043}.Release|x64.Build.0 = Release|Any CPU
		{F89FC1BE-D94D-4DA0-B3F9-C66566DC4043}.Release|x86.ActiveCfg = Release|Any CPU
		{F89FC1BE-D94D-4DA0-B3F9-C66566DC4043}.Release|x86.Build.0 = Release|Any CPU
	EndGlobalSection
	GlobalSection(SolutionProperties) = preSolution
		HideSolutionNode = FALSE
	EndGlobalSection
	GlobalSection(NestedProjects) = preSolution
		{F89FC1BE-D94D-4DA0-B3F9-C66566DC4043} = {09D8FB36-4898-7C8E-B3F7-02AC6C3AAC25}
	EndGlobalSection
EndGlobal
